
Microsoft Visual Studio Solution File, Format Version 12.00
# Visual Studio 2012
Project("{FAE04EC0-301F-11D3-BF4B-00C04F79EFBC}") = "BRS Admin client", "BRS Admin client\BRS Admin client.csproj", "{3680572B-C465-42B7-913D-A8EF363F9911}"
EndProject
Global
	GlobalSection(SolutionConfigurationPlatforms) = preSolution
		Debug|Any CPU = Debug|Any CPU
		Release|Any CPU = Release|Any CPU
	EndGlobalSection
	GlobalSection(ProjectConfigurationPlatforms) = postSolution
		{3680572B-C465-42B7-913D-A8EF363F9911}.Debug|Any CPU.ActiveCfg = Debug|Any CPU
		{3680572B-C465-42B7-913D-A8EF363F9911}.Debug|Any CPU.Build.0 = Debug|Any CPU
		{3680572B-C465-42B7-913D-A8EF363F9911}.Release|Any CPU.ActiveCfg = Release|Any CPU
		{3680572B-C465-42B7-913D-A8EF363F9911}.Release|Any CPU.Build.0 = Release|Any CPU
	EndGlobalSection
	GlobalSection(SolutionProperties) = preSolution
		HideSolutionNode = FALSE
	EndGlobalSection
EndGlobal
